// !$*UTF8*$!
{
	archiveVersion = 1;
	classes = {
	};
	objectVersion = 46;
	objects = {

/* Begin PBXBuildFile section */
		619F379D1C68F8DD00E8516C /* AppDelegate.swift in Sources */ = {isa = PBXBuildFile; fileRef = 619F379C1C68F8DD00E8516C /* AppDelegate.swift */; };
		619F379F1C68F8DD00E8516C /* RedViewController.swift in Sources */ = {isa = PBXBuildFile; fileRef = 619F379E1C68F8DD00E8516C /* RedViewController.swift */; };
		619F37A21C68F8DD00E8516C /* Main.storyboard in Resources */ = {isa = PBXBuildFile; fileRef = 619F37A01C68F8DD00E8516C /* Main.storyboard */; };
		619F37A41C68F8DD00E8516C /* Assets.xcassets in Resources */ = {isa = PBXBuildFile; fileRef = 619F37A31C68F8DD00E8516C /* Assets.xcassets */; };
		619F37A71C68F8DD00E8516C /* LaunchScreen.storyboard in Resources */ = {isa = PBXBuildFile; fileRef = 619F37A51C68F8DD00E8516C /* LaunchScreen.storyboard */; };
		619F37AF1C68FCF300E8516C /* GreenViewController.swift in Sources */ = {isa = PBXBuildFile; fileRef = 619F37AE1C68FCF300E8516C /* GreenViewController.swift */; };
		619F37B11C68FD0600E8516C /* BlueViewController.swift in Sources */ = {isa = PBXBuildFile; fileRef = 619F37B01C68FD0600E8516C /* BlueViewController.swift */; };
		619F37B31C69096200E8516C /* YellowViewController.swift in Sources */ = {isa = PBXBuildFile; fileRef = 619F37B21C69096200E8516C /* YellowViewController.swift */; };
/* End PBXBuildFile section */

/* Begin PBXFileReference section */
		619F37991C68F8DD00E8516C /* pruebaBack.app */ = {isa = PBXFileReference; explicitFileType = wrapper.application; includeInIndex = 0; path = pruebaBack.app; sourceTree = BUILT_PRODUCTS_DIR; };
		619F379C1C68F8DD00E8516C /* AppDelegate.swift */ = {isa = PBXFileReference; lastKnownFileType = sourcecode.swift; path = AppDelegate.swift; sourceTree = "<group>"; };
		619F379E1C68F8DD00E8516C /* RedViewController.swift */ = {isa = PBXFileReference; lastKnownFileType = sourcecode.swift; path = RedViewController.swift; sourceTree = "<group>"; };
		619F37A11C68F8DD00E8516C /* Base */ = {isa = PBXFileReference; lastKnownFileType = file.storyboard; name = Base; path = Base.lproj/Main.storyboard; sourceTree = "<group>"; };
		619F37A31C68F8DD00E8516C /* Assets.xcassets */ = {isa = PBXFileReference; lastKnownFileType = folder.assetcatalog; path = Assets.xcassets; sourceTree = "<group>"; };
		619F37A61C68F8DD00E8516C /* Base */ = {isa = PBXFileReference; lastKnownFileType = file.storyboard; name = Base; path = Base.lproj/LaunchScreen.storyboard; sourceTree = "<group>"; };
		619F37A81C68F8DD00E8516C /* Info.plist */ = {isa = PBXFileReference; lastKnownFileType = text.plist.xml; path = Info.plist; sourceTree = "<group>"; };
		619F37AE1C68FCF300E8516C /* GreenViewController.swift */ = {isa = PBXFileReference; fileEncoding = 4; lastKnownFileType = sourcecode.swift; path = GreenViewController.swift; sourceTree = "<group>"; };
		619F37B01C68FD0600E8516C /* BlueViewController.swift */ = {isa = PBXFileReference; fileEncoding = 4; lastKnownFileType = sourcecode.swift; path = BlueViewController.swift; sourceTree = "<group>"; };
		619F37B21C69096200E8516C /* YellowViewController.swift */ = {isa = PBXFileReference; fileEncoding = 4; lastKnownFileType = sourcecode.swift; path = YellowViewController.swift; sourceTree = "<group>"; };
/* End PBXFileReference section */

/* Begin PBXFrameworksBuildPhase section */
		619F37961C68F8DD00E8516C /* Frameworks */ = {
			isa = PBXFrameworksBuildPhase;
			buildActionMask = 2147483647;
			files = (
			);
			runOnlyForDeploymentPostprocessing = 0;
		};
/* End PBXFrameworksBuildPhase section */

/* Begin PBXGroup section */
		619F37901C68F8DD00E8516C = {
			isa = PBXGroup;
			children = (
				619F379B1C68F8DD00E8516C /* pruebaBack */,
				619F379A1C68F8DD00E8516C /* Products */,
			);
			sourceTree = "<group>";
		};
		619F379A1C68F8DD00E8516C /* Products */ = {
			isa = PBXGroup;
			children = (
				619F37991C68F8DD00E8516C /* pruebaBack.app */,
			);
			name = Products;
			sourceTree = "<group>";
		};
		619F379B1C68F8DD00E8516C /* pruebaBack */ = {
			isa = PBXGroup;
			children = (
				619F379C1C68F8DD00E8516C /* AppDelegate.swift */,
				619F379E1C68F8DD00E8516C /* RedViewController.swift */,
				619F37A01C68F8DD00E8516C /* Main.storyboard */,
				619F37B21C69096200E8516C /* YellowViewController.swift */,
				619F37B01C68FD0600E8516C /* BlueViewController.swift */,
				619F37AE1C68FCF300E8516C /* GreenViewController.swift */,
				619F37A31C68F8DD00E8516C /* Assets.xcassets */,
				619F37A51C68F8DD00E8516C /* LaunchScreen.storyboard */,
				619F37A81C68F8DD00E8516C /* Info.plist */,
			);
			path = pruebaBack;
			sourceTree = "<group>";
		};
/* End PBXGroup section */

/* Begin PBXNativeTarget section */
		619F37981C68F8DD00E8516C /* pruebaBack */ = {
			isa = PBXNativeTarget;
			buildConfigurationList = 619F37AB1C68F8DD00E8516C /* Build configuration list for PBXNativeTarget "pruebaBack" */;
			buildPhases = (
				619F37951C68F8DD00E8516C /* Sources */,
				619F37961C68F8DD00E8516C /* Frameworks */,
				619F37971C68F8DD00E8516C /* Resources */,
			);
			buildRules = (
			);
			dependencies = (
			);
			name = pruebaBack;
			productName = pruebaBack;
			productReference = 619F37991C68F8DD00E8516C /* pruebaBack.app */;
			productType = "com.apple.product-type.application";
		};
/* End PBXNativeTarget section */

/* Begin PBXProject section */
		619F37911C68F8DD00E8516C /* Project object */ = {
			isa = PBXProject;
			attributes = {
				LastSwiftUpdateCheck = 0720;
				LastUpgradeCheck = 0720;
				ORGANIZATIONNAME = guitarrkurt;
				TargetAttributes = {
					619F37981C68F8DD00E8516C = {
						CreatedOnToolsVersion = 7.2;
						DevelopmentTeam = 36Q3L5B6AH;
					};
				};
			};
			buildConfigurationList = 619F37941C68F8DD00E8516C /* Build configuration list for PBXProject "pruebaBack" */;
			compatibilityVersion = "Xcode 3.2";
			developmentRegion = English;
			hasScannedForEncodings = 0;
			knownRegions = (
				en,
				Base,
			);
			mainGroup = 619F37901C68F8DD00E8516C;
			productRefGroup = 619F379A1C68F8DD00E8516C /* Products */;
			projectDirPath = "";
			projectRoot = "";
			targets = (
				619F37981C68F8DD00E8516C /* pruebaBack */,
			);
		};
/* End PBXProject section */

/* Begin PBXResourcesBuildPhase section */
		619F37971C68F8DD00E8516C /* Resources */ = {
			isa = PBXResourcesBuildPhase;
			buildActionMask = 2147483647;
			files = (
				619F37A71C68F8DD00E8516C /* LaunchScreen.storyboard in Resources */,
				619F37A41C68F8DD00E8516C /* Assets.xcassets in Resources */,
				619F37A21C68F8DD00E8516C /* Main.storyboard in Resources */,
			);
			runOnlyForDeploymentPostprocessing = 0;
		};
/* End PBXResourcesBuildPhase section */

/* Begin PBXSourcesBuildPhase section */
		619F37951C68F8DD00E8516C /* Sources */ = {
			isa = PBXSourcesBuildPhase;
			buildActionMask = 2147483647;
			files = (
				619F37AF1C68FCF300E8516C /* GreenViewController.swift in Sources */,
				619F379F1C68F8DD00E8516C /* RedViewController.swift in Sources */,
				619F37B11C68FD0600E8516C /* BlueViewController.swift in Sources */,
				619F379D1C68F8DD00E8516C /* AppDelegate.swift in Sources */,
				619F37B31C69096200E8516C /* YellowViewController.swift in Sources */,
			);
			runOnlyForDeploymentPostprocessing = 0;
		};
/* End PBXSourcesBuildPhase section */

/* Begin PBXVariantGroup section */
		619F37A01C68F8DD00E8516C /* Main.storyboard */ = {
			isa = PBXVariantGroup;
			children = (
				619F37A11C68F8DD00E8516C /* Base */,
			);
			name = Main.storyboard;
			sourceTree = "<group>";
		};
		619F37A51C68F8DD00E8516C /* LaunchScreen.storyboard */ = {
			isa = PBXVariantGroup;
			children = (
				619F37A61C68F8DD00E8516C /* Base */,
			);
			name = LaunchScreen.storyboard;
			sourceTree = "<group>";
		};
/* End PBXVariantGroup section */

/* Begin XCBuildConfiguration section */
		619F37A91C68F8DD00E8516C /* Debug */ = {
			isa = XCBuildConfiguration;
			buildSettings = {
				ALWAYS_SEARCH_USER_PATHS = NO;
				CLANG_CXX_LANGUAGE_STANDARD = "gnu++0x";
				CLANG_CXX_LIBRARY = "libc++";
				CLANG_ENABLE_MODULES = YES;
				CLANG_ENABLE_OBJC_ARC = YES;
				CLANG_WARN_BOOL_CONVERSION = YES;
				CLANG_WARN_CONSTANT_CONVERSION = YES;
				CLANG_WARN_DIRECT_OBJC_ISA_USAGE = YES_ERROR;
				CLANG_WARN_EMPTY_BODY = YES;
				CLANG_WARN_ENUM_CONVERSION = YES;
				CLANG_WARN_INT_CONVERSION = YES;
				CLANG_WARN_OBJC_ROOT_CLASS = YES_ERROR;
				CLANG_WARN_UNREACHABLE_CODE = YES;
				CLANG_WARN__DUPLICATE_METHOD_MATCH = YES;
				"CODE_SIGN_IDENTITY[sdk=iphoneos*]" = "iPhone Developer";
				COPY_PHASE_STRIP = NO;
				DEBUG_INFORMATION_FORMAT = dwarf;
				ENABLE_STRICT_OBJC_MSGSEND = YES;
				ENABLE_TESTABILITY = YES;
				GCC_C_LANGUAGE_STANDARD = gnu99;
				GCC_DYNAMIC_NO_PIC = NO;
				GCC_NO_COMMON_BLOCKS = YES;
				GCC_OPTIMIZATION_LEVEL = 0;
				GCC_PREPROCESSOR_DEFINITIONS = (
					"DEBUG=1",
					"$(inherited)",
				);
				GCC_WARN_64_TO_32_BIT_CONVERSION = YES;
				GCC_WARN_ABOUT_RETURN_TYPE = YES_ERROR;
				GCC_WARN_UNDECLARED_SELECTOR = YES;
				GCC_WARN_UNINITIALIZED_AUTOS = YES_AGGRESSIVE;
				GCC_WARN_UNUSED_FUNCTION = YES;
				GCC_WARN_UNUSED_VARIABLE = YES;
				IPHONEOS_DEPLOYMENT_TARGET = 9.2;
				MTL_ENABLE_DEBUG_INFO = YES;
				ONLY_ACTIVE_ARCH = YES;
				SDKROOT = iphoneos;
				SWIFT_OPTIMIZATION_LEVEL = "-Onone";
				TARGETED_DEVICE_FAMILY = 2;
			};
			name = Debug;
		};
		619F37AA1C68F8DD00E8516C /* Release */ = {
			isa = XCBuildConfiguration;
			buildSettings = {
				ALWAYS_SEARCH_USER_PATHS = NO;
				CLANG_CXX_LANGUAGE_STANDARD = "gnu++0x";
				CLANG_CXX_LIBRARY = "libc++";
				CLANG_ENABLE_MODULES = YES;
				CLANG_ENABLE_OBJC_ARC = YES;
				CLANG_WARN_BOOL_CONVERSION = YES;
				CLANG_WARN_CONSTANT_CONVERSION = YES;
				CLANG_WARN_DIRECT_OBJC_ISA_USAGE = YES_ERROR;
				CLANG_WARN_EMPTY_BODY = YES;
				CLANG_WARN_ENUM_CONVERSION = YES;
				CLANG_WARN_INT_CONVERSION = YES;
				CLANG_WARN_OBJC_ROOT_CLASS = YES_ERROR;
				CLANG_WARN_UNREACHABLE_CODE = YES;
				CLANG_WARN__DUPLICATE_METHOD_MATCH = YES;
				"CODE_SIGN_IDENTITY[sdk=iphoneos*]" = "iPhone Developer";
				COPY_PHASE_STRIP = NO;
				DEBUG_INFORMATION_FORMAT = "dwarf-with-dsym";
				ENABLE_NS_ASSERTIONS = NO;
				ENABLE_STRICT_OBJC_MSGSEND = YES;
				GCC_C_LANGUAGE_STANDARD = gnu99;
				GCC_NO_COMMON_BLOCKS = YES;
				GCC_WARN_64_TO_32_BIT_CONVERSION = YES;
				GCC_WARN_ABOUT_RETURN_TYPE = YES_ERROR;
				GCC_WARN_UNDECLARED_SELECTOR = YES;
				GCC_WARN_UNINITIALIZED_AUTOS = YES_AGGRESSIVE;
				GCC_WARN_UNUSED_FUNCTION = YES;
				GCC_WARN_UNUSED_VARIABLE = YES;
				IPHONEOS_DEPLOYMENT_TARGET = 9.2;
				MTL_ENABLE_DEBUG_INFO = NO;
				SDKROOT = iphoneos;
				TARGETED_DEVICE_FAMILY = 2;
				VALIDATE_PRODUCT = YES;
			};
			name = Release;
		};
		619F37AC1C68F8DD00E8516C /* Debug */ = {
			isa = XCBuildConfiguration;
			buildSettings = {
				ASSETCATALOG_COMPILER_APPICON_NAME = AppIcon;
				INFOPLIST_FILE = pruebaBack/Info.plist;
				LD_RUNPATH_SEARCH_PATHS = "$(inherited) @executable_path/Frameworks";
				PRODUCT_BUNDLE_IDENTIFIER = mx.buap.cs.ilab.pruebaBack;
				PRODUCT_NAME = "$(TARGET_NAME)";
			};
			name = Debug;
		};
		619F37AD1C68F8DD00E8516C /* Release */ = {
			isa = XCBuildConfiguration;
			buildSettings = {
				ASSETCATALOG_COMPILER_APPICON_NAME = AppIcon;
				INFOPLIST_FILE = pruebaBack/Info.plist;
				LD_RUNPATH_SEARCH_PATHS = "$(inherited) @executable_path/Frameworks";
				PRODUCT_BUNDLE_IDENTIFIER = mx.buap.cs.ilab.pruebaBack;
				PRODUCT_NAME = "$(TARGET_NAME)";
			};
			name = Release;
		};
/* End XCBuildConfiguration section */

/* Begin XCConfigurationList section */
		619F37941C68F8DD00E8516C /* Build configuration list for PBXProject "pruebaBack" */ = {
			isa = XCConfigurationList;
			buildConfigurations = (
				619F37A91C68F8DD00E8516C /* Debug */,
				619F37AA1C68F8DD00E8516C /* Release */,
			);
			defaultConfigurationIsVisible = 0;
			defaultConfigurationName = Release;
		};
		619F37AB1C68F8DD00E8516C /* Build configuration list for PBXNativeTarget "pruebaBack" */ = {
			isa = XCConfigurationList;
			buildConfigurations = (
				619F37AC1C68F8DD00E8516C /* Debug */,
				619F37AD1C68F8DD00E8516C /* Release */,
			);
			defaultConfigurationIsVisible = 0;
		};
/* End XCConfigurationList section */
	};
	rootObject = 619F37911C68F8DD00E8516C /* Project object */;
}
